
Microsoft Visual Studio Solution File, Format Version 12.00
# Visual Studio Version 16
VisualStudioVersion = 16.0.30204.135
MinimumVisualStudioVersion = 10.0.40219.1
Project("{FAE04EC0-301F-11D3-BF4B-00C04F79EFBC}") = "Calculator", "Calculator.csproj", "{5A037AE5-FDFA-457F-B535-31E9DDDE58C2}"
EndProject
Global
	GlobalSection(SolutionConfigurationPlatforms) = preSolution
		Debug|Any CPU = Debug|Any CPU
		Release|Any CPU = Release|Any CPU
	EndGlobalSection
	GlobalSection(ProjectConfigurationPlatforms) = postSolution
		{5A037AE5-FDFA-457F-B535-31E9DDDE58C2}.Debug|Any CPU.ActiveCfg = Debug|Any CPU
		{5A037AE5-FDFA-457F-B535-31E9DDDE58C2}.Debug|Any CPU.Build.0 = Debug|Any CPU
		{5A037AE5-FDFA-457F-B535-31E9DDDE58C2}.Release|Any CPU.ActiveCfg = Release|Any CPU
		{5A037AE5-FDFA-457F-B535-31E9DDDE58C2}.Release|Any CPU.Build.0 = Release|Any CPU
	EndGlobalSection
	GlobalSection(SolutionProperties) = preSolution
		HideSolutionNode = FALSE
	EndGlobalSection
	GlobalSection(ExtensibilityGlobals) = postSolution
		SolutionGuid = {FE63ECE3-F988-48E4-8FED-7F79A543DDD7}
	EndGlobalSection
EndGlobal
