
Microsoft Visual Studio Solution File, Format Version 12.00
# Visual Studio Version 16
VisualStudioVersion = 16.0.30204.135
MinimumVisualStudioVersion = 10.0.40219.1
Project("{FAE04EC0-301F-11D3-BF4B-00C04F79EFBC}") = "WindowsFormsApp1", "WindowsFormsApp1.csproj", "{8F3FD516-FD9A-4E0F-B03B-CCA318E3D440}"
EndProject
Global
	GlobalSection(SolutionConfigurationPlatforms) = preSolution
		Debug|Any CPU = Debug|Any CPU
		Release|Any CPU = Release|Any CPU
	EndGlobalSection
	GlobalSection(ProjectConfigurationPlatforms) = postSolution
		{8F3FD516-FD9A-4E0F-B03B-CCA318E3D440}.Debug|Any CPU.ActiveCfg = Debug|Any CPU
		{8F3FD516-FD9A-4E0F-B03B-CCA318E3D440}.Debug|Any CPU.Build.0 = Debug|Any CPU
		{8F3FD516-FD9A-4E0F-B03B-CCA318E3D440}.Release|Any CPU.ActiveCfg = Release|Any CPU
		{8F3FD516-FD9A-4E0F-B03B-CCA318E3D440}.Release|Any CPU.Build.0 = Release|Any CPU
	EndGlobalSection
	GlobalSection(SolutionProperties) = preSolution
		HideSolutionNode = FALSE
	EndGlobalSection
	GlobalSection(ExtensibilityGlobals) = postSolution
		SolutionGuid = {B5DA9ED3-4605-4461-A8D9-2A4441F4726E}
	EndGlobalSection
EndGlobal
